
Microsoft Visual Studio Solution File, Format Version 12.00
# Visual Studio 15
VisualStudioVersion = 15.0.28307.902
MinimumVisualStudioVersion = 10.0.40219.1
Project("{F184B08F-C81C-45F6-A57F-5ABD9991F28F}") = "myendtoendvsproject1", "myendtoendvsproject1\myendtoendvsproject1.vbproj", "{9A3F151C-0AC7-463B-9E34-690C73EDB0F6}"
EndProject
Global
	GlobalSection(SolutionConfigurationPlatforms) = preSolution
		Debug|Any CPU = Debug|Any CPU
		Release|Any CPU = Release|Any CPU
	EndGlobalSection
	GlobalSection(ProjectConfigurationPlatforms) = postSolution
		{9A3F151C-0AC7-463B-9E34-690C73EDB0F6}.Debug|Any CPU.ActiveCfg = Debug|Any CPU
		{9A3F151C-0AC7-463B-9E34-690C73EDB0F6}.Debug|Any CPU.Build.0 = Debug|Any CPU
		{9A3F151C-0AC7-463B-9E34-690C73EDB0F6}.Release|Any CPU.ActiveCfg = Release|Any CPU
		{9A3F151C-0AC7-463B-9E34-690C73EDB0F6}.Release|Any CPU.Build.0 = Release|Any CPU
	EndGlobalSection
	GlobalSection(SolutionProperties) = preSolution
		HideSolutionNode = FALSE
	EndGlobalSection
	GlobalSection(ExtensibilityGlobals) = postSolution
		SolutionGuid = {622F44B6-E7F5-4992-A9AA-EC36A49000F8}
	EndGlobalSection
EndGlobal
